
Microsoft Visual Studio Solution File, Format Version 12.00
# Visual Studio Version 16
VisualStudioVersion = 16.0.29020.237
MinimumVisualStudioVersion = 10.0.40219.1
Project("{FAE04EC0-301F-11D3-BF4B-00C04F79EFBC}") = "App02_TipoPaginaXF.UWP", "App02_TipoPaginaXF\App02_TipoPaginaXF.UWP\App02_TipoPaginaXF.UWP.csproj", "{3B93E81E-EB58-4F44-8771-58D95BB57598}"
EndProject
Project("{FAE04EC0-301F-11D3-BF4B-00C04F79EFBC}") = "App02_TipoPaginaXF.Android", "App02_TipoPaginaXF\App02_TipoPaginaXF.Android\App02_TipoPaginaXF.Android.csproj", "{A39EAC22-6CF4-4041-A5D2-460DD6B7E751}"
EndProject
Project("{FAE04EC0-301F-11D3-BF4B-00C04F79EFBC}") = "App02_TipoPaginaXF.iOS", "App02_TipoPaginaXF\App02_TipoPaginaXF.iOS\App02_TipoPaginaXF.iOS.csproj", "{813427A0-3A5B-40C4-9002-5FEA6811D02A}"
EndProject
Project("{FAE04EC0-301F-11D3-BF4B-00C04F79EFBC}") = "App02_TipoPaginaXF", "App02_TipoPaginaXF\App02_TipoPaginaXF\App02_TipoPaginaXF.csproj", "{74374247-18DD-46A2-8DBE-D2F011F5D40E}"
EndProject
Global
	GlobalSection(SolutionConfigurationPlatforms) = preSolution
		Debug|Any CPU = Debug|Any CPU
		Debug|ARM = Debug|ARM
		Debug|iPhone = Debug|iPhone
		Debug|iPhoneSimulator = Debug|iPhoneSimulator
		Debug|x64 = Debug|x64
		Debug|x86 = Debug|x86
		Release|Any CPU = Release|Any CPU
		Release|ARM = Release|ARM
		Release|iPhone = Release|iPhone
		Release|iPhoneSimulator = Release|iPhoneSimulator
		Release|x64 = Release|x64
		Release|x86 = Release|x86
	EndGlobalSection
	GlobalSection(ProjectConfigurationPlatforms) = postSolution
		{3B93E81E-EB58-4F44-8771-58D95BB57598}.Debug|Any CPU.ActiveCfg = Debug|x86
		{3B93E81E-EB58-4F44-8771-58D95BB57598}.Debug|Any CPU.Build.0 = Debug|x86
		{3B93E81E-EB58-4F44-8771-58D95BB57598}.Debug|Any CPU.Deploy.0 = Debug|x86
		{3B93E81E-EB58-4F44-8771-58D95BB57598}.Debug|ARM.ActiveCfg = Debug|ARM
		{3B93E81E-EB58-4F44-8771-58D95BB57598}.Debug|ARM.Build.0 = Debug|ARM
		{3B93E81E-EB58-4F44-8771-58D95BB57598}.Debug|ARM.Deploy.0 = Debug|ARM
		{3B93E81E-EB58-4F44-8771-58D95BB57598}.Debug|iPhone.ActiveCfg = Debug|x86
		{3B93E81E-EB58-4F44-8771-58D95BB57598}.Debug|iPhone.Build.0 = Debug|x86
		{3B93E81E-EB58-4F44-8771-58D95BB57598}.Debug|iPhone.Deploy.0 = Debug|x86
		{3B93E81E-EB58-4F44-8771-58D95BB57598}.Debug|iPhoneSimulator.ActiveCfg = Debug|x86
		{3B93E81E-EB58-4F44-8771-58D95BB57598}.Debug|iPhoneSimulator.Build.0 = Debug|x86
		{3B93E81E-EB58-4F44-8771-58D95BB57598}.Debug|iPhoneSimulator.Deploy.0 = Debug|x86
		{3B93E81E-EB58-4F44-8771-58D95BB57598}.Debug|x64.ActiveCfg = Debug|x64
		{3B93E81E-EB58-4F44-8771-58D95BB57598}.Debug|x64.Build.0 = Debug|x64
		{3B93E81E-EB58-4F44-8771-58D95BB57598}.Debug|x64.Deploy.0 = Debug|x64
		{3B93E81E-EB58-4F44-8771-58D95BB57598}.Debug|x86.ActiveCfg = Debug|x86
		{3B93E81E-EB58-4F44-8771-58D95BB57598}.Debug|x86.Build.0 = Debug|x86
		{3B93E81E-EB58-4F44-8771-58D95BB57598}.Debug|x86.Deploy.0 = Debug|x86
		{3B93E81E-EB58-4F44-8771-58D95BB57598}.Release|Any CPU.ActiveCfg = Release|x86
		{3B93E81E-EB58-4F44-8771-58D95BB57598}.Release|Any CPU.Build.0 = Release|x86
		{3B93E81E-EB58-4F44-8771-58D95BB57598}.Release|Any CPU.Deploy.0 = Release|x86
		{3B93E81E-EB58-4F44-8771-58D95BB57598}.Release|ARM.ActiveCfg = Release|ARM
		{3B93E81E-EB58-4F44-8771-58D95BB57598}.Release|ARM.Build.0 = Release|ARM
		{3B93E81E-EB58-4F44-8771-58D95BB57598}.Release|ARM.Deploy.0 = Release|ARM
		{3B93E81E-EB58-4F44-8771-58D95BB57598}.Release|iPhone.ActiveCfg = Release|x86
		{3B93E81E-EB58-4F44-8771-58D95BB57598}.Release|iPhone.Build.0 = Release|x86
		{3B93E81E-EB58-4F44-8771-58D95BB57598}.Release|iPhone.Deploy.0 = Release|x86
		{3B93E81E-EB58-4F44-8771-58D95BB57598}.Release|iPhoneSimulator.ActiveCfg = Release|x86
		{3B93E81E-EB58-4F44-8771-58D95BB57598}.Release|iPhoneSimulator.Build.0 = Release|x86
		{3B93E81E-EB58-4F44-8771-58D95BB57598}.Release|iPhoneSimulator.Deploy.0 = Release|x86
		{3B93E81E-EB58-4F44-8771-58D95BB57598}.Release|x64.ActiveCfg = Release|x64
		{3B93E81E-EB58-4F44-8771-58D95BB57598}.Release|x64.Build.0 = Release|x64
		{3B93E81E-EB58-4F44-8771-58D95BB57598}.Release|x64.Deploy.0 = Release|x64
		{3B93E81E-EB58-4F44-8771-58D95BB57598}.Release|x86.ActiveCfg = Release|x86
		{3B93E81E-EB58-4F44-8771-58D95BB57598}.Release|x86.Build.0 = Release|x86
		{3B93E81E-EB58-4F44-8771-58D95BB57598}.Release|x86.Deploy.0 = Release|x86
		{A39EAC22-6CF4-4041-A5D2-460DD6B7E751}.Debug|Any CPU.ActiveCfg = Debug|Any CPU
		{A39EAC22-6CF4-4041-A5D2-460DD6B7E751}.Debug|Any CPU.Build.0 = Debug|Any CPU
		{A39EAC22-6CF4-4041-A5D2-460DD6B7E751}.Debug|Any CPU.Deploy.0 = Debug|Any CPU
		{A39EAC22-6CF4-4041-A5D2-460DD6B7E751}.Debug|ARM.ActiveCfg = Debug|Any CPU
		{A39EAC22-6CF4-4041-A5D2-460DD6B7E751}.Debug|ARM.Build.0 = Debug|Any CPU
		{A39EAC22-6CF4-4041-A5D2-460DD6B7E751}.Debug|ARM.Deploy.0 = Debug|Any CPU
		{A39EAC22-6CF4-4041-A5D2-460DD6B7E751}.Debug|iPhone.ActiveCfg = Debug|Any CPU
		{A39EAC22-6CF4-4041-A5D2-460DD6B7E751}.Debug|iPhone.Build.0 = Debug|Any CPU
		{A39EAC22-6CF4-4041-A5D2-460DD6B7E751}.Debug|iPhone.Deploy.0 = Debug|Any CPU
		{A39EAC22-6CF4-4041-A5D2-460DD6B7E751}.Debug|iPhoneSimulator.ActiveCfg = Debug|Any CPU
		{A39EAC22-6CF4-4041-A5D2-460DD6B7E751}.Debug|iPhoneSimulator.Build.0 = Debug|Any CPU
		{A39EAC22-6CF4-4041-A5D2-460DD6B7E751}.Debug|iPhoneSimulator.Deploy.0 = Debug|Any CPU
		{A39EAC22-6CF4-4041-A5D2-460DD6B7E751}.Debug|x64.ActiveCfg = Debug|Any CPU
		{A39EAC22-6CF4-4041-A5D2-460DD6B7E751}.Debug|x64.Build.0 = Debug|Any CPU
		{A39EAC22-6CF4-4041-A5D2-460DD6B7E751}.Debug|x64.Deploy.0 = Debug|Any CPU
		{A39EAC22-6CF4-4041-A5D2-460DD6B7E751}.Debug|x86.ActiveCfg = Debug|Any CPU
		{A39EAC22-6CF4-4041-A5D2-460DD6B7E751}.Debug|x86.Build.0 = Debug|Any CPU
		{A39EAC22-6CF4-4041-A5D2-460DD6B7E751}.Debug|x86.Deploy.0 = Debug|Any CPU
		{A39EAC22-6CF4-4041-A5D2-460DD6B7E751}.Release|Any CPU.ActiveCfg = Release|Any CPU
		{A39EAC22-6CF4-4041-A5D2-460DD6B7E751}.Release|Any CPU.Build.0 = Release|Any CPU
		{A39EAC22-6CF4-4041-A5D2-460DD6B7E751}.Release|Any CPU.Deploy.0 = Release|Any CPU
		{A39EAC22-6CF4-4041-A5D2-460DD6B7E751}.Release|ARM.ActiveCfg = Release|Any CPU
		{A39EAC22-6CF4-4041-A5D2-460DD6B7E751}.Release|ARM.Build.0 = Release|Any CPU
		{A39EAC22-6CF4-4041-A5D2-460DD6B7E751}.Release|ARM.Deploy.0 = Release|Any CPU
		{A39EAC22-6CF4-4041-A5D2-460DD6B7E751}.Release|iPhone.ActiveCfg = Release|Any CPU
		{A39EAC22-6CF4-4041-A5D2-460DD6B7E751}.Release|iPhone.Build.0 = Release|Any CPU
		{A39EAC22-6CF4-4041-A5D2-460DD6B7E751}.Release|iPhone.Deploy.0 = Release|Any CPU
		{A39EAC22-6CF4-4041-A5D2-460DD6B7E751}.Release|iPhoneSimulator.ActiveCfg = Release|Any CPU
		{A39EAC22-6CF4-4041-A5D2-460DD6B7E751}.Release|iPhoneSimulator.Build.0 = Release|Any CPU
		{A39EAC22-6CF4-4041-A5D2-460DD6B7E751}.Release|iPhoneSimulator.Deploy.0 = Release|Any CPU
		{A39EAC22-6CF4-4041-A5D2-460DD6B7E751}.Release|x64.ActiveCfg = Release|Any CPU
		{A39EAC22-6CF4-4041-A5D2-460DD6B7E751}.Release|x64.Build.0 = Release|Any CPU
		{A39EAC22-6CF4-4041-A5D2-460DD6B7E751}.Release|x64.Deploy.0 = Release|Any CPU
		{A39EAC22-6CF4-4041-A5D2-460DD6B7E751}.Release|x86.ActiveCfg = Release|Any CPU
		{A39EAC22-6CF4-4041-A5D2-460DD6B7E751}.Release|x86.Build.0 = Release|Any CPU
		{A39EAC22-6CF4-4041-A5D2-460DD6B7E751}.Release|x86.Deploy.0 = Release|Any CPU
		{813427A0-3A5B-40C4-9002-5FEA6811D02A}.Debug|Any CPU.ActiveCfg = Debug|iPhone
		{813427A0-3A5B-40C4-9002-5FEA6811D02A}.Debug|Any CPU.Build.0 = Debug|iPhone
		{813427A0-3A5B-40C4-9002-5FEA6811D02A}.Debug|Any CPU.Deploy.0 = Debug|iPhone
		{813427A0-3A5B-40C4-9002-5FEA6811D02A}.Debug|ARM.ActiveCfg = Debug|iPhoneSimulator
		{813427A0-3A5B-40C4-9002-5FEA6811D02A}.Debug|ARM.Build.0 = Debug|iPhoneSimulator
		{813427A0-3A5B-40C4-9002-5FEA6811D02A}.Debug|ARM.Deploy.0 = Debug|iPhoneSimulator
		{813427A0-3A5B-40C4-9002-5FEA6811D02A}.Debug|iPhone.ActiveCfg = Debug|iPhone
		{813427A0-3A5B-40C4-9002-5FEA6811D02A}.Debug|iPhone.Build.0 = Debug|iPhone
		{813427A0-3A5B-40C4-9002-5FEA6811D02A}.Debug|iPhone.Deploy.0 = Debug|iPhone
		{813427A0-3A5B-40C4-9002-5FEA6811D02A}.Debug|iPhoneSimulator.ActiveCfg = Debug|iPhoneSimulator
		{813427A0-3A5B-40C4-9002-5FEA6811D02A}.Debug|iPhoneSimulator.Build.0 = Debug|iPhoneSimulator
		{813427A0-3A5B-40C4-9002-5FEA6811D02A}.Debug|iPhoneSimulator.Deploy.0 = Debug|iPhoneSimulator
		{813427A0-3A5B-40C4-9002-5FEA6811D02A}.Debug|x64.ActiveCfg = Debug|iPhone
		{813427A0-3A5B-40C4-9002-5FEA6811D02A}.Debug|x64.Build.0 = Debug|iPhone
		{813427A0-3A5B-40C4-9002-5FEA6811D02A}.Debug|x64.Deploy.0 = Debug|iPhone
		{813427A0-3A5B-40C4-9002-5FEA6811D02A}.Debug|x86.ActiveCfg = Debug|iPhone
		{813427A0-3A5B-40C4-9002-5FEA6811D02A}.Debug|x86.Build.0 = Debug|iPhone
		{813427A0-3A5B-40C4-9002-5FEA6811D02A}.Debug|x86.Deploy.0 = Debug|iPhone
		{813427A0-3A5B-40C4-9002-5FEA6811D02A}.Release|Any CPU.ActiveCfg = Release|iPhone
		{813427A0-3A5B-40C4-9002-5FEA6811D02A}.Release|Any CPU.Build.0 = Release|iPhone
		{813427A0-3A5B-40C4-9002-5FEA6811D02A}.Release|Any CPU.Deploy.0 = Release|iPhone
		{813427A0-3A5B-40C4-9002-5FEA6811D02A}.Release|ARM.ActiveCfg = Release|iPhone
		{813427A0-3A5B-40C4-9002-5FEA6811D02A}.Release|ARM.Build.0 = Release|iPhone
		{813427A0-3A5B-40C4-9002-5FEA6811D02A}.Release|ARM.Deploy.0 = Release|iPhone
		{813427A0-3A5B-40C4-9002-5FEA6811D02A}.Release|iPhone.ActiveCfg = Release|iPhone
		{813427A0-3A5B-40C4-9002-5FEA6811D02A}.Release|iPhone.Build.0 = Release|iPhone
		{813427A0-3A5B-40C4-9002-5FEA6811D02A}.Release|iPhone.Deploy.0 = Release|iPhone
		{813427A0-3A5B-40C4-9002-5FEA6811D02A}.Release|iPhoneSimulator.ActiveCfg = Release|iPhoneSimulator
		{813427A0-3A5B-40C4-9002-5FEA6811D02A}.Release|iPhoneSimulator.Build.0 = Release|iPhoneSimulator
		{813427A0-3A5B-40C4-9002-5FEA6811D02A}.Release|iPhoneSimulator.Deploy.0 = Release|iPhoneSimulator
		{813427A0-3A5B-40C4-9002-5FEA6811D02A}.Release|x64.ActiveCfg = Release|iPhone
		{813427A0-3A5B-40C4-9002-5FEA6811D02A}.Release|x64.Build.0 = Release|iPhone
		{813427A0-3A5B-40C4-9002-5FEA6811D02A}.Release|x64.Deploy.0 = Release|iPhone
		{813427A0-3A5B-40C4-9002-5FEA6811D02A}.Release|x86.ActiveCfg = Release|iPhone
		{813427A0-3A5B-40C4-9002-5FEA6811D02A}.Release|x86.Build.0 = Release|iPhone
		{813427A0-3A5B-40C4-9002-5FEA6811D02A}.Release|x86.Deploy.0 = Release|iPhone
		{74374247-18DD-46A2-8DBE-D2F011F5D40E}.Debug|Any CPU.ActiveCfg = Debug|Any CPU
		{74374247-18DD-46A2-8DBE-D2F011F5D40E}.Debug|Any CPU.Build.0 = Debug|Any CPU
		{74374247-18DD-46A2-8DBE-D2F011F5D40E}.Debug|Any CPU.Deploy.0 = Debug|Any CPU
		{74374247-18DD-46A2-8DBE-D2F011F5D40E}.Debug|ARM.ActiveCfg = Debug|Any CPU
		{74374247-18DD-46A2-8DBE-D2F011F5D40E}.Debug|ARM.Build.0 = Debug|Any CPU
		{74374247-18DD-46A2-8DBE-D2F011F5D40E}.Debug|ARM.Deploy.0 = Debug|Any CPU
		{74374247-18DD-46A2-8DBE-D2F011F5D40E}.Debug|iPhone.ActiveCfg = Debug|Any CPU
		{74374247-18DD-46A2-8DBE-D2F011F5D40E}.Debug|iPhone.Build.0 = Debug|Any CPU
		{74374247-18DD-46A2-8DBE-D2F011F5D40E}.Debug|iPhone.Deploy.0 = Debug|Any CPU
		{74374247-18DD-46A2-8DBE-D2F011F5D40E}.Debug|iPhoneSimulator.ActiveCfg = Debug|Any CPU
		{74374247-18DD-46A2-8DBE-D2F011F5D40E}.Debug|iPhoneSimulator.Build.0 = Debug|Any CPU
		{74374247-18DD-46A2-8DBE-D2F011F5D40E}.Debug|iPhoneSimulator.Deploy.0 = Debug|Any CPU
		{74374247-18DD-46A2-8DBE-D2F011F5D40E}.Debug|x64.ActiveCfg = Debug|Any CPU
		{74374247-18DD-46A2-8DBE-D2F011F5D40E}.Debug|x64.Build.0 = Debug|Any CPU
		{74374247-18DD-46A2-8DBE-D2F011F5D40E}.Debug|x64.Deploy.0 = Debug|Any CPU
		{74374247-18DD-46A2-8DBE-D2F011F5D40E}.Debug|x86.ActiveCfg = Debug|Any CPU
		{74374247-18DD-46A2-8DBE-D2F011F5D40E}.Debug|x86.Build.0 = Debug|Any CPU
		{74374247-18DD-46A2-8DBE-D2F011F5D40E}.Debug|x86.Deploy.0 = Debug|Any CPU
		{74374247-18DD-46A2-8DBE-D2F011F5D40E}.Release|Any CPU.ActiveCfg = Release|Any CPU
		{74374247-18DD-46A2-8DBE-D2F011F5D40E}.Release|Any CPU.Build.0 = Release|Any CPU
		{74374247-18DD-46A2-8DBE-D2F011F5D40E}.Release|Any CPU.Deploy.0 = Release|Any CPU
		{74374247-18DD-46A2-8DBE-D2F011F5D40E}.Release|ARM.ActiveCfg = Release|Any CPU
		{74374247-18DD-46A2-8DBE-D2F011F5D40E}.Release|ARM.Build.0 = Release|Any CPU
		{74374247-18DD-46A2-8DBE-D2F011F5D40E}.Release|ARM.Deploy.0 = Release|Any CPU
		{74374247-18DD-46A2-8DBE-D2F011F5D40E}.Release|iPhone.ActiveCfg = Release|Any CPU
		{74374247-18DD-46A2-8DBE-D2F011F5D40E}.Release|iPhone.Build.0 = Release|Any CPU
		{74374247-18DD-46A2-8DBE-D2F011F5D40E}.Release|iPhone.Deploy.0 = Release|Any CPU
		{74374247-18DD-46A2-8DBE-D2F011F5D40E}.Release|iPhoneSimulator.ActiveCfg = Release|Any CPU
		{74374247-18DD-46A2-8DBE-D2F011F5D40E}.Release|iPhoneSimulator.Build.0 = Release|Any CPU
		{74374247-18DD-46A2-8DBE-D2F011F5D40E}.Release|iPhoneSimulator.Deploy.0 = Release|Any CPU
		{74374247-18DD-46A2-8DBE-D2F011F5D40E}.Release|x64.ActiveCfg = Release|Any CPU
		{74374247-18DD-46A2-8DBE-D2F011F5D40E}.Release|x64.Build.0 = Release|Any CPU
		{74374247-18DD-46A2-8DBE-D2F011F5D40E}.Release|x64.Deploy.0 = Release|Any CPU
		{74374247-18DD-46A2-8DBE-D2F011F5D40E}.Release|x86.ActiveCfg = Release|Any CPU
		{74374247-18DD-46A2-8DBE-D2F011F5D40E}.Release|x86.Build.0 = Release|Any CPU
		{74374247-18DD-46A2-8DBE-D2F011F5D40E}.Release|x86.Deploy.0 = Release|Any CPU
	EndGlobalSection
	GlobalSection(SolutionProperties) = preSolution
		HideSolutionNode = FALSE
	EndGlobalSection
	GlobalSection(ExtensibilityGlobals) = postSolution
		SolutionGuid = {427AB586-EED4-41DB-B1A4-49E0ACA1B42C}
	EndGlobalSection
EndGlobal
