
Microsoft Visual Studio Solution File, Format Version 12.00
# Visual Studio Version 16
VisualStudioVersion = 16.0.29009.5
MinimumVisualStudioVersion = 10.0.40219.1
Project("{FAE04EC0-301F-11D3-BF4B-00C04F79EFBC}") = "App01_ConsultarCEP.UWP", "App01_ConsultarCEP\App01_ConsultarCEP.UWP\App01_ConsultarCEP.UWP.csproj", "{5FF5C026-94F8-49CA-A0EC-6B12AE9EB1E9}"
EndProject
Project("{FAE04EC0-301F-11D3-BF4B-00C04F79EFBC}") = "App01_ConsultarCEP.Android", "App01_ConsultarCEP\App01_ConsultarCEP.Android\App01_ConsultarCEP.Android.csproj", "{8E7661C6-0C3D-4AB2-8E72-D035C3045850}"
EndProject
Project("{FAE04EC0-301F-11D3-BF4B-00C04F79EFBC}") = "App01_ConsultarCEP.iOS", "App01_ConsultarCEP\App01_ConsultarCEP.iOS\App01_ConsultarCEP.iOS.csproj", "{D78AC011-C398-4006-B8EF-C1B884F03313}"
EndProject
Project("{FAE04EC0-301F-11D3-BF4B-00C04F79EFBC}") = "App01_ConsultarCEP", "App01_ConsultarCEP\App01_ConsultarCEP\App01_ConsultarCEP.csproj", "{81E598E2-F302-456D-BDFC-3FB603E40FCF}"
EndProject
Global
	GlobalSection(SolutionConfigurationPlatforms) = preSolution
		Debug|Any CPU = Debug|Any CPU
		Debug|ARM = Debug|ARM
		Debug|iPhone = Debug|iPhone
		Debug|iPhoneSimulator = Debug|iPhoneSimulator
		Debug|x64 = Debug|x64
		Debug|x86 = Debug|x86
		Release|Any CPU = Release|Any CPU
		Release|ARM = Release|ARM
		Release|iPhone = Release|iPhone
		Release|iPhoneSimulator = Release|iPhoneSimulator
		Release|x64 = Release|x64
		Release|x86 = Release|x86
	EndGlobalSection
	GlobalSection(ProjectConfigurationPlatforms) = postSolution
		{5FF5C026-94F8-49CA-A0EC-6B12AE9EB1E9}.Debug|Any CPU.ActiveCfg = Debug|x86
		{5FF5C026-94F8-49CA-A0EC-6B12AE9EB1E9}.Debug|Any CPU.Build.0 = Debug|x86
		{5FF5C026-94F8-49CA-A0EC-6B12AE9EB1E9}.Debug|Any CPU.Deploy.0 = Debug|x86
		{5FF5C026-94F8-49CA-A0EC-6B12AE9EB1E9}.Debug|ARM.ActiveCfg = Debug|ARM
		{5FF5C026-94F8-49CA-A0EC-6B12AE9EB1E9}.Debug|ARM.Build.0 = Debug|ARM
		{5FF5C026-94F8-49CA-A0EC-6B12AE9EB1E9}.Debug|ARM.Deploy.0 = Debug|ARM
		{5FF5C026-94F8-49CA-A0EC-6B12AE9EB1E9}.Debug|iPhone.ActiveCfg = Debug|x86
		{5FF5C026-94F8-49CA-A0EC-6B12AE9EB1E9}.Debug|iPhone.Build.0 = Debug|x86
		{5FF5C026-94F8-49CA-A0EC-6B12AE9EB1E9}.Debug|iPhone.Deploy.0 = Debug|x86
		{5FF5C026-94F8-49CA-A0EC-6B12AE9EB1E9}.Debug|iPhoneSimulator.ActiveCfg = Debug|x86
		{5FF5C026-94F8-49CA-A0EC-6B12AE9EB1E9}.Debug|iPhoneSimulator.Build.0 = Debug|x86
		{5FF5C026-94F8-49CA-A0EC-6B12AE9EB1E9}.Debug|iPhoneSimulator.Deploy.0 = Debug|x86
		{5FF5C026-94F8-49CA-A0EC-6B12AE9EB1E9}.Debug|x64.ActiveCfg = Debug|x64
		{5FF5C026-94F8-49CA-A0EC-6B12AE9EB1E9}.Debug|x64.Build.0 = Debug|x64
		{5FF5C026-94F8-49CA-A0EC-6B12AE9EB1E9}.Debug|x64.Deploy.0 = Debug|x64
		{5FF5C026-94F8-49CA-A0EC-6B12AE9EB1E9}.Debug|x86.ActiveCfg = Debug|x86
		{5FF5C026-94F8-49CA-A0EC-6B12AE9EB1E9}.Debug|x86.Build.0 = Debug|x86
		{5FF5C026-94F8-49CA-A0EC-6B12AE9EB1E9}.Debug|x86.Deploy.0 = Debug|x86
		{5FF5C026-94F8-49CA-A0EC-6B12AE9EB1E9}.Release|Any CPU.ActiveCfg = Release|x86
		{5FF5C026-94F8-49CA-A0EC-6B12AE9EB1E9}.Release|Any CPU.Build.0 = Release|x86
		{5FF5C026-94F8-49CA-A0EC-6B12AE9EB1E9}.Release|Any CPU.Deploy.0 = Release|x86
		{5FF5C026-94F8-49CA-A0EC-6B12AE9EB1E9}.Release|ARM.ActiveCfg = Release|ARM
		{5FF5C026-94F8-49CA-A0EC-6B12AE9EB1E9}.Release|ARM.Build.0 = Release|ARM
		{5FF5C026-94F8-49CA-A0EC-6B12AE9EB1E9}.Release|ARM.Deploy.0 = Release|ARM
		{5FF5C026-94F8-49CA-A0EC-6B12AE9EB1E9}.Release|iPhone.ActiveCfg = Release|x86
		{5FF5C026-94F8-49CA-A0EC-6B12AE9EB1E9}.Release|iPhone.Build.0 = Release|x86
		{5FF5C026-94F8-49CA-A0EC-6B12AE9EB1E9}.Release|iPhone.Deploy.0 = Release|x86
		{5FF5C026-94F8-49CA-A0EC-6B12AE9EB1E9}.Release|iPhoneSimulator.ActiveCfg = Release|x86
		{5FF5C026-94F8-49CA-A0EC-6B12AE9EB1E9}.Release|iPhoneSimulator.Build.0 = Release|x86
		{5FF5C026-94F8-49CA-A0EC-6B12AE9EB1E9}.Release|iPhoneSimulator.Deploy.0 = Release|x86
		{5FF5C026-94F8-49CA-A0EC-6B12AE9EB1E9}.Release|x64.ActiveCfg = Release|x64
		{5FF5C026-94F8-49CA-A0EC-6B12AE9EB1E9}.Release|x64.Build.0 = Release|x64
		{5FF5C026-94F8-49CA-A0EC-6B12AE9EB1E9}.Release|x64.Deploy.0 = Release|x64
		{5FF5C026-94F8-49CA-A0EC-6B12AE9EB1E9}.Release|x86.ActiveCfg = Release|x86
		{5FF5C026-94F8-49CA-A0EC-6B12AE9EB1E9}.Release|x86.Build.0 = Release|x86
		{5FF5C026-94F8-49CA-A0EC-6B12AE9EB1E9}.Release|x86.Deploy.0 = Release|x86
		{8E7661C6-0C3D-4AB2-8E72-D035C3045850}.Debug|Any CPU.ActiveCfg = Debug|Any CPU
		{8E7661C6-0C3D-4AB2-8E72-D035C3045850}.Debug|Any CPU.Build.0 = Debug|Any CPU
		{8E7661C6-0C3D-4AB2-8E72-D035C3045850}.Debug|Any CPU.Deploy.0 = Debug|Any CPU
		{8E7661C6-0C3D-4AB2-8E72-D035C3045850}.Debug|ARM.ActiveCfg = Debug|Any CPU
		{8E7661C6-0C3D-4AB2-8E72-D035C3045850}.Debug|ARM.Build.0 = Debug|Any CPU
		{8E7661C6-0C3D-4AB2-8E72-D035C3045850}.Debug|ARM.Deploy.0 = Debug|Any CPU
		{8E7661C6-0C3D-4AB2-8E72-D035C3045850}.Debug|iPhone.ActiveCfg = Debug|Any CPU
		{8E7661C6-0C3D-4AB2-8E72-D035C3045850}.Debug|iPhone.Build.0 = Debug|Any CPU
		{8E7661C6-0C3D-4AB2-8E72-D035C3045850}.Debug|iPhone.Deploy.0 = Debug|Any CPU
		{8E7661C6-0C3D-4AB2-8E72-D035C3045850}.Debug|iPhoneSimulator.ActiveCfg = Debug|Any CPU
		{8E7661C6-0C3D-4AB2-8E72-D035C3045850}.Debug|iPhoneSimulator.Build.0 = Debug|Any CPU
		{8E7661C6-0C3D-4AB2-8E72-D035C3045850}.Debug|iPhoneSimulator.Deploy.0 = Debug|Any CPU
		{8E7661C6-0C3D-4AB2-8E72-D035C3045850}.Debug|x64.ActiveCfg = Debug|Any CPU
		{8E7661C6-0C3D-4AB2-8E72-D035C3045850}.Debug|x64.Build.0 = Debug|Any CPU
		{8E7661C6-0C3D-4AB2-8E72-D035C3045850}.Debug|x64.Deploy.0 = Debug|Any CPU
		{8E7661C6-0C3D-4AB2-8E72-D035C3045850}.Debug|x86.ActiveCfg = Debug|Any CPU
		{8E7661C6-0C3D-4AB2-8E72-D035C3045850}.Debug|x86.Build.0 = Debug|Any CPU
		{8E7661C6-0C3D-4AB2-8E72-D035C3045850}.Debug|x86.Deploy.0 = Debug|Any CPU
		{8E7661C6-0C3D-4AB2-8E72-D035C3045850}.Release|Any CPU.ActiveCfg = Release|Any CPU
		{8E7661C6-0C3D-4AB2-8E72-D035C3045850}.Release|Any CPU.Build.0 = Release|Any CPU
		{8E7661C6-0C3D-4AB2-8E72-D035C3045850}.Release|Any CPU.Deploy.0 = Release|Any CPU
		{8E7661C6-0C3D-4AB2-8E72-D035C3045850}.Release|ARM.ActiveCfg = Release|Any CPU
		{8E7661C6-0C3D-4AB2-8E72-D035C3045850}.Release|ARM.Build.0 = Release|Any CPU
		{8E7661C6-0C3D-4AB2-8E72-D035C3045850}.Release|ARM.Deploy.0 = Release|Any CPU
		{8E7661C6-0C3D-4AB2-8E72-D035C3045850}.Release|iPhone.ActiveCfg = Release|Any CPU
		{8E7661C6-0C3D-4AB2-8E72-D035C3045850}.Release|iPhone.Build.0 = Release|Any CPU
		{8E7661C6-0C3D-4AB2-8E72-D035C3045850}.Release|iPhone.Deploy.0 = Release|Any CPU
		{8E7661C6-0C3D-4AB2-8E72-D035C3045850}.Release|iPhoneSimulator.ActiveCfg = Release|Any CPU
		{8E7661C6-0C3D-4AB2-8E72-D035C3045850}.Release|iPhoneSimulator.Build.0 = Release|Any CPU
		{8E7661C6-0C3D-4AB2-8E72-D035C3045850}.Release|iPhoneSimulator.Deploy.0 = Release|Any CPU
		{8E7661C6-0C3D-4AB2-8E72-D035C3045850}.Release|x64.ActiveCfg = Release|Any CPU
		{8E7661C6-0C3D-4AB2-8E72-D035C3045850}.Release|x64.Build.0 = Release|Any CPU
		{8E7661C6-0C3D-4AB2-8E72-D035C3045850}.Release|x64.Deploy.0 = Release|Any CPU
		{8E7661C6-0C3D-4AB2-8E72-D035C3045850}.Release|x86.ActiveCfg = Release|Any CPU
		{8E7661C6-0C3D-4AB2-8E72-D035C3045850}.Release|x86.Build.0 = Release|Any CPU
		{8E7661C6-0C3D-4AB2-8E72-D035C3045850}.Release|x86.Deploy.0 = Release|Any CPU
		{D78AC011-C398-4006-B8EF-C1B884F03313}.Debug|Any CPU.ActiveCfg = Debug|iPhone
		{D78AC011-C398-4006-B8EF-C1B884F03313}.Debug|Any CPU.Build.0 = Debug|iPhone
		{D78AC011-C398-4006-B8EF-C1B884F03313}.Debug|Any CPU.Deploy.0 = Debug|iPhone
		{D78AC011-C398-4006-B8EF-C1B884F03313}.Debug|ARM.ActiveCfg = Debug|iPhoneSimulator
		{D78AC011-C398-4006-B8EF-C1B884F03313}.Debug|ARM.Build.0 = Debug|iPhoneSimulator
		{D78AC011-C398-4006-B8EF-C1B884F03313}.Debug|ARM.Deploy.0 = Debug|iPhoneSimulator
		{D78AC011-C398-4006-B8EF-C1B884F03313}.Debug|iPhone.ActiveCfg = Debug|iPhone
		{D78AC011-C398-4006-B8EF-C1B884F03313}.Debug|iPhone.Build.0 = Debug|iPhone
		{D78AC011-C398-4006-B8EF-C1B884F03313}.Debug|iPhone.Deploy.0 = Debug|iPhone
		{D78AC011-C398-4006-B8EF-C1B884F03313}.Debug|iPhoneSimulator.ActiveCfg = Debug|iPhoneSimulator
		{D78AC011-C398-4006-B8EF-C1B884F03313}.Debug|iPhoneSimulator.Build.0 = Debug|iPhoneSimulator
		{D78AC011-C398-4006-B8EF-C1B884F03313}.Debug|iPhoneSimulator.Deploy.0 = Debug|iPhoneSimulator
		{D78AC011-C398-4006-B8EF-C1B884F03313}.Debug|x64.ActiveCfg = Debug|iPhone
		{D78AC011-C398-4006-B8EF-C1B884F03313}.Debug|x64.Build.0 = Debug|iPhone
		{D78AC011-C398-4006-B8EF-C1B884F03313}.Debug|x64.Deploy.0 = Debug|iPhone
		{D78AC011-C398-4006-B8EF-C1B884F03313}.Debug|x86.ActiveCfg = Debug|iPhone
		{D78AC011-C398-4006-B8EF-C1B884F03313}.Debug|x86.Build.0 = Debug|iPhone
		{D78AC011-C398-4006-B8EF-C1B884F03313}.Debug|x86.Deploy.0 = Debug|iPhone
		{D78AC011-C398-4006-B8EF-C1B884F03313}.Release|Any CPU.ActiveCfg = Release|iPhone
		{D78AC011-C398-4006-B8EF-C1B884F03313}.Release|Any CPU.Build.0 = Release|iPhone
		{D78AC011-C398-4006-B8EF-C1B884F03313}.Release|Any CPU.Deploy.0 = Release|iPhone
		{D78AC011-C398-4006-B8EF-C1B884F03313}.Release|ARM.ActiveCfg = Release|iPhone
		{D78AC011-C398-4006-B8EF-C1B884F03313}.Release|ARM.Build.0 = Release|iPhone
		{D78AC011-C398-4006-B8EF-C1B884F03313}.Release|ARM.Deploy.0 = Release|iPhone
		{D78AC011-C398-4006-B8EF-C1B884F03313}.Release|iPhone.ActiveCfg = Release|iPhone
		{D78AC011-C398-4006-B8EF-C1B884F03313}.Release|iPhone.Build.0 = Release|iPhone
		{D78AC011-C398-4006-B8EF-C1B884F03313}.Release|iPhone.Deploy.0 = Release|iPhone
		{D78AC011-C398-4006-B8EF-C1B884F03313}.Release|iPhoneSimulator.ActiveCfg = Release|iPhoneSimulator
		{D78AC011-C398-4006-B8EF-C1B884F03313}.Release|iPhoneSimulator.Build.0 = Release|iPhoneSimulator
		{D78AC011-C398-4006-B8EF-C1B884F03313}.Release|iPhoneSimulator.Deploy.0 = Release|iPhoneSimulator
		{D78AC011-C398-4006-B8EF-C1B884F03313}.Release|x64.ActiveCfg = Release|iPhone
		{D78AC011-C398-4006-B8EF-C1B884F03313}.Release|x64.Build.0 = Release|iPhone
		{D78AC011-C398-4006-B8EF-C1B884F03313}.Release|x64.Deploy.0 = Release|iPhone
		{D78AC011-C398-4006-B8EF-C1B884F03313}.Release|x86.ActiveCfg = Release|iPhone
		{D78AC011-C398-4006-B8EF-C1B884F03313}.Release|x86.Build.0 = Release|iPhone
		{D78AC011-C398-4006-B8EF-C1B884F03313}.Release|x86.Deploy.0 = Release|iPhone
		{81E598E2-F302-456D-BDFC-3FB603E40FCF}.Debug|Any CPU.ActiveCfg = Debug|Any CPU
		{81E598E2-F302-456D-BDFC-3FB603E40FCF}.Debug|Any CPU.Build.0 = Debug|Any CPU
		{81E598E2-F302-456D-BDFC-3FB603E40FCF}.Debug|Any CPU.Deploy.0 = Debug|Any CPU
		{81E598E2-F302-456D-BDFC-3FB603E40FCF}.Debug|ARM.ActiveCfg = Debug|Any CPU
		{81E598E2-F302-456D-BDFC-3FB603E40FCF}.Debug|ARM.Build.0 = Debug|Any CPU
		{81E598E2-F302-456D-BDFC-3FB603E40FCF}.Debug|ARM.Deploy.0 = Debug|Any CPU
		{81E598E2-F302-456D-BDFC-3FB603E40FCF}.Debug|iPhone.ActiveCfg = Debug|Any CPU
		{81E598E2-F302-456D-BDFC-3FB603E40FCF}.Debug|iPhone.Build.0 = Debug|Any CPU
		{81E598E2-F302-456D-BDFC-3FB603E40FCF}.Debug|iPhone.Deploy.0 = Debug|Any CPU
		{81E598E2-F302-456D-BDFC-3FB603E40FCF}.Debug|iPhoneSimulator.ActiveCfg = Debug|Any CPU
		{81E598E2-F302-456D-BDFC-3FB603E40FCF}.Debug|iPhoneSimulator.Build.0 = Debug|Any CPU
		{81E598E2-F302-456D-BDFC-3FB603E40FCF}.Debug|iPhoneSimulator.Deploy.0 = Debug|Any CPU
		{81E598E2-F302-456D-BDFC-3FB603E40FCF}.Debug|x64.ActiveCfg = Debug|Any CPU
		{81E598E2-F302-456D-BDFC-3FB603E40FCF}.Debug|x64.Build.0 = Debug|Any CPU
		{81E598E2-F302-456D-BDFC-3FB603E40FCF}.Debug|x64.Deploy.0 = Debug|Any CPU
		{81E598E2-F302-456D-BDFC-3FB603E40FCF}.Debug|x86.ActiveCfg = Debug|Any CPU
		{81E598E2-F302-456D-BDFC-3FB603E40FCF}.Debug|x86.Build.0 = Debug|Any CPU
		{81E598E2-F302-456D-BDFC-3FB603E40FCF}.Debug|x86.Deploy.0 = Debug|Any CPU
		{81E598E2-F302-456D-BDFC-3FB603E40FCF}.Release|Any CPU.ActiveCfg = Release|Any CPU
		{81E598E2-F302-456D-BDFC-3FB603E40FCF}.Release|Any CPU.Build.0 = Release|Any CPU
		{81E598E2-F302-456D-BDFC-3FB603E40FCF}.Release|Any CPU.Deploy.0 = Release|Any CPU
		{81E598E2-F302-456D-BDFC-3FB603E40FCF}.Release|ARM.ActiveCfg = Release|Any CPU
		{81E598E2-F302-456D-BDFC-3FB603E40FCF}.Release|ARM.Build.0 = Release|Any CPU
		{81E598E2-F302-456D-BDFC-3FB603E40FCF}.Release|ARM.Deploy.0 = Release|Any CPU
		{81E598E2-F302-456D-BDFC-3FB603E40FCF}.Release|iPhone.ActiveCfg = Release|Any CPU
		{81E598E2-F302-456D-BDFC-3FB603E40FCF}.Release|iPhone.Build.0 = Release|Any CPU
		{81E598E2-F302-456D-BDFC-3FB603E40FCF}.Release|iPhone.Deploy.0 = Release|Any CPU
		{81E598E2-F302-456D-BDFC-3FB603E40FCF}.Release|iPhoneSimulator.ActiveCfg = Release|Any CPU
		{81E598E2-F302-456D-BDFC-3FB603E40FCF}.Release|iPhoneSimulator.Build.0 = Release|Any CPU
		{81E598E2-F302-456D-BDFC-3FB603E40FCF}.Release|iPhoneSimulator.Deploy.0 = Release|Any CPU
		{81E598E2-F302-456D-BDFC-3FB603E40FCF}.Release|x64.ActiveCfg = Release|Any CPU
		{81E598E2-F302-456D-BDFC-3FB603E40FCF}.Release|x64.Build.0 = Release|Any CPU
		{81E598E2-F302-456D-BDFC-3FB603E40FCF}.Release|x64.Deploy.0 = Release|Any CPU
		{81E598E2-F302-456D-BDFC-3FB603E40FCF}.Release|x86.ActiveCfg = Release|Any CPU
		{81E598E2-F302-456D-BDFC-3FB603E40FCF}.Release|x86.Build.0 = Release|Any CPU
		{81E598E2-F302-456D-BDFC-3FB603E40FCF}.Release|x86.Deploy.0 = Release|Any CPU
	EndGlobalSection
	GlobalSection(SolutionProperties) = preSolution
		HideSolutionNode = FALSE
	EndGlobalSection
	GlobalSection(ExtensibilityGlobals) = postSolution
		SolutionGuid = {CCC418BD-3B97-490A-AA4F-1AA72B757CF6}
	EndGlobalSection
EndGlobal
